
Microsoft Visual Studio Solution File, Format Version 11.00
# Visual Studio 2010
Project("{FAE04EC0-301F-11D3-BF4B-00C04F79EFBC}") = "Homework_12", "Assembly-CSharp.csproj", "{628E3F03-6DCC-2546-E8D3-0D5E01565CB8}"
EndProject
Project("{FAE04EC0-301F-11D3-BF4B-00C04F79EFBC}") = "Homework_12", "Assembly-CSharp-Editor.csproj", "{5BBB3849-A845-ACC1-F47F-5E59D95F861C}"
EndProject
Global
	GlobalSection(SolutionConfigurationPlatforms) = preSolution
		Debug|Any CPU = Debug|Any CPU
		Release|Any CPU = Release|Any CPU
	EndGlobalSection
	GlobalSection(ProjectConfigurationPlatforms) = postSolution
		{628E3F03-6DCC-2546-E8D3-0D5E01565CB8}.Debug|Any CPU.ActiveCfg = Debug|Any CPU
		{628E3F03-6DCC-2546-E8D3-0D5E01565CB8}.Debug|Any CPU.Build.0 = Debug|Any CPU
		{628E3F03-6DCC-2546-E8D3-0D5E01565CB8}.Release|Any CPU.ActiveCfg = Release|Any CPU
		{628E3F03-6DCC-2546-E8D3-0D5E01565CB8}.Release|Any CPU.Build.0 = Release|Any CPU
		{5BBB3849-A845-ACC1-F47F-5E59D95F861C}.Debug|Any CPU.ActiveCfg = Debug|Any CPU
		{5BBB3849-A845-ACC1-F47F-5E59D95F861C}.Debug|Any CPU.Build.0 = Debug|Any CPU
		{5BBB3849-A845-ACC1-F47F-5E59D95F861C}.Release|Any CPU.ActiveCfg = Release|Any CPU
		{5BBB3849-A845-ACC1-F47F-5E59D95F861C}.Release|Any CPU.Build.0 = Release|Any CPU
	EndGlobalSection
	GlobalSection(SolutionProperties) = preSolution
		HideSolutionNode = FALSE
	EndGlobalSection
	GlobalSection(MonoDevelopProperties) = preSolution
		StartupItem = Assembly-CSharp.csproj
	EndGlobalSection
EndGlobal
