
Microsoft Visual Studio Solution File, Format Version 12.00
# Visual Studio 2017
Project("{FAE04EC0-301F-11D3-BF4B-00C04F79EFBC}") = "Homework_14", "Homework_14.csproj", "{ED545BA9-69F3-E15E-6ED4-CCA0D190E840}"
EndProject
Project("{FAE04EC0-301F-11D3-BF4B-00C04F79EFBC}") = "Homework_14.Editor", "Homework_14.Editor.csproj", "{FF579D32-166F-DB17-C49C-4978A864973D}"
EndProject
Global
	GlobalSection(SolutionConfigurationPlatforms) = preSolution
		Debug|Any CPU = Debug|Any CPU
		Release|Any CPU = Release|Any CPU
	EndGlobalSection
	GlobalSection(ProjectConfigurationPlatforms) = postSolution
		{ED545BA9-69F3-E15E-6ED4-CCA0D190E840}.Debug|Any CPU.ActiveCfg = Debug|Any CPU
		{ED545BA9-69F3-E15E-6ED4-CCA0D190E840}.Debug|Any CPU.Build.0 = Debug|Any CPU
		{ED545BA9-69F3-E15E-6ED4-CCA0D190E840}.Release|Any CPU.ActiveCfg = Release|Any CPU
		{ED545BA9-69F3-E15E-6ED4-CCA0D190E840}.Release|Any CPU.Build.0 = Release|Any CPU
		{FF579D32-166F-DB17-C49C-4978A864973D}.Debug|Any CPU.ActiveCfg = Debug|Any CPU
		{FF579D32-166F-DB17-C49C-4978A864973D}.Debug|Any CPU.Build.0 = Debug|Any CPU
		{FF579D32-166F-DB17-C49C-4978A864973D}.Release|Any CPU.ActiveCfg = Release|Any CPU
		{FF579D32-166F-DB17-C49C-4978A864973D}.Release|Any CPU.Build.0 = Release|Any CPU
	EndGlobalSection
	GlobalSection(SolutionProperties) = preSolution
		HideSolutionNode = FALSE
	EndGlobalSection
EndGlobal
