
Microsoft Visual Studio Solution File, Format Version 12.00
# Visual Studio 2017
Project("{FAE04EC0-301F-11D3-BF4B-00C04F79EFBC}") = "Homework15 — copy", "Homework15 — copy.csproj", "{F62BE973-0112-7B41-A187-DCD9044E7093}"
EndProject
Project("{FAE04EC0-301F-11D3-BF4B-00C04F79EFBC}") = "Homework15 — copy.Editor", "Homework15 — copy.Editor.csproj", "{23F9D298-2317-BA46-8B93-A65584D9B5C9}"
EndProject
Global
	GlobalSection(SolutionConfigurationPlatforms) = preSolution
		Debug|Any CPU = Debug|Any CPU
		Release|Any CPU = Release|Any CPU
	EndGlobalSection
	GlobalSection(ProjectConfigurationPlatforms) = postSolution
		{F62BE973-0112-7B41-A187-DCD9044E7093}.Debug|Any CPU.ActiveCfg = Debug|Any CPU
		{F62BE973-0112-7B41-A187-DCD9044E7093}.Debug|Any CPU.Build.0 = Debug|Any CPU
		{F62BE973-0112-7B41-A187-DCD9044E7093}.Release|Any CPU.ActiveCfg = Release|Any CPU
		{F62BE973-0112-7B41-A187-DCD9044E7093}.Release|Any CPU.Build.0 = Release|Any CPU
		{23F9D298-2317-BA46-8B93-A65584D9B5C9}.Debug|Any CPU.ActiveCfg = Debug|Any CPU
		{23F9D298-2317-BA46-8B93-A65584D9B5C9}.Debug|Any CPU.Build.0 = Debug|Any CPU
		{23F9D298-2317-BA46-8B93-A65584D9B5C9}.Release|Any CPU.ActiveCfg = Release|Any CPU
		{23F9D298-2317-BA46-8B93-A65584D9B5C9}.Release|Any CPU.Build.0 = Release|Any CPU
	EndGlobalSection
	GlobalSection(SolutionProperties) = preSolution
		HideSolutionNode = FALSE
	EndGlobalSection
EndGlobal
